
Microsoft Visual Studio Solution File, Format Version 12.00
Project("{FAE04EC0-301F-11D3-BF4B-00C04F79EFBC}") = "Authify.Core", "Authify.Core\Authify.Core.csproj", "{BA0AB2D3-FE92-4316-B8D2-44622C6D9EE8}"
EndProject
Project("{FAE04EC0-301F-11D3-BF4B-00C04F79EFBC}") = "Authify.Application", "Authify.Application\Authify.Application.csproj", "{F4D7BF84-F0D1-4D94-A713-D55B96A7E9E1}"
EndProject
Project("{FAE04EC0-301F-11D3-BF4B-00C04F79EFBC}") = "Authify.UI", "Authify.UI\Authify.UI.csproj", "{3F8735C5-18C0-4706-B4EF-0BCFC306013E}"
EndProject
Project("{FAE04EC0-301F-11D3-BF4B-00C04F79EFBC}") = "Authify.Api", "Authify.Api\Authify.Api.csproj", "{4D3E2953-9583-4FB8-8067-F2A545763056}"
EndProject
Project("{FAE04EC0-301F-11D3-BF4B-00C04F79EFBC}") = "Authify.Client.Server", "Authify.Client.Server\Authify.Client.Server.csproj", "{4013D57E-D94F-4BC7-862D-470E15C3425C}"
EndProject
Project("{FAE04EC0-301F-11D3-BF4B-00C04F79EFBC}") = "Authify.Client.Wasm", "Authify.Client.Wasm\Authify.Client.Wasm.csproj", "{68EE448A-9863-4889-A6A9-090547837FF9}"
EndProject
Global
	GlobalSection(SolutionConfigurationPlatforms) = preSolution
		Debug|Any CPU = Debug|Any CPU
		Release|Any CPU = Release|Any CPU
	EndGlobalSection
	GlobalSection(ProjectConfigurationPlatforms) = postSolution
		{BA0AB2D3-FE92-4316-B8D2-44622C6D9EE8}.Debug|Any CPU.ActiveCfg = Debug|Any CPU
		{BA0AB2D3-FE92-4316-B8D2-44622C6D9EE8}.Debug|Any CPU.Build.0 = Debug|Any CPU
		{BA0AB2D3-FE92-4316-B8D2-44622C6D9EE8}.Release|Any CPU.ActiveCfg = Release|Any CPU
		{BA0AB2D3-FE92-4316-B8D2-44622C6D9EE8}.Release|Any CPU.Build.0 = Release|Any CPU
		{F4D7BF84-F0D1-4D94-A713-D55B96A7E9E1}.Debug|Any CPU.ActiveCfg = Debug|Any CPU
		{F4D7BF84-F0D1-4D94-A713-D55B96A7E9E1}.Debug|Any CPU.Build.0 = Debug|Any CPU
		{F4D7BF84-F0D1-4D94-A713-D55B96A7E9E1}.Release|Any CPU.ActiveCfg = Release|Any CPU
		{F4D7BF84-F0D1-4D94-A713-D55B96A7E9E1}.Release|Any CPU.Build.0 = Release|Any CPU
		{3F8735C5-18C0-4706-B4EF-0BCFC306013E}.Debug|Any CPU.ActiveCfg = Debug|Any CPU
		{3F8735C5-18C0-4706-B4EF-0BCFC306013E}.Debug|Any CPU.Build.0 = Debug|Any CPU
		{3F8735C5-18C0-4706-B4EF-0BCFC306013E}.Release|Any CPU.ActiveCfg = Release|Any CPU
		{3F8735C5-18C0-4706-B4EF-0BCFC306013E}.Release|Any CPU.Build.0 = Release|Any CPU
		{4D3E2953-9583-4FB8-8067-F2A545763056}.Debug|Any CPU.ActiveCfg = Debug|Any CPU
		{4D3E2953-9583-4FB8-8067-F2A545763056}.Debug|Any CPU.Build.0 = Debug|Any CPU
		{4D3E2953-9583-4FB8-8067-F2A545763056}.Release|Any CPU.ActiveCfg = Release|Any CPU
		{4D3E2953-9583-4FB8-8067-F2A545763056}.Release|Any CPU.Build.0 = Release|Any CPU
		{4013D57E-D94F-4BC7-862D-470E15C3425C}.Debug|Any CPU.ActiveCfg = Debug|Any CPU
		{4013D57E-D94F-4BC7-862D-470E15C3425C}.Debug|Any CPU.Build.0 = Debug|Any CPU
		{4013D57E-D94F-4BC7-862D-470E15C3425C}.Release|Any CPU.ActiveCfg = Release|Any CPU
		{4013D57E-D94F-4BC7-862D-470E15C3425C}.Release|Any CPU.Build.0 = Release|Any CPU
		{68EE448A-9863-4889-A6A9-090547837FF9}.Debug|Any CPU.ActiveCfg = Debug|Any CPU
		{68EE448A-9863-4889-A6A9-090547837FF9}.Debug|Any CPU.Build.0 = Debug|Any CPU
		{68EE448A-9863-4889-A6A9-090547837FF9}.Release|Any CPU.ActiveCfg = Release|Any CPU
		{68EE448A-9863-4889-A6A9-090547837FF9}.Release|Any CPU.Build.0 = Release|Any CPU
	EndGlobalSection
EndGlobal
